
Microsoft Visual Studio Solution File, Format Version 12.00
# Visual Studio Version 17
VisualStudioVersion = 17.14.36930.0 d17.14
MinimumVisualStudioVersion = 10.0.40219.1
Project("{FAE04EC0-301F-11D3-BF4B-00C04F79EFBC}") = "WinFormsApp1", "WinFormsApp1.csproj", "{2F0A20E8-719A-42CB-9EA8-3C05458D7ABF}"
EndProject
Global
	GlobalSection(SolutionConfigurationPlatforms) = preSolution
		Debug|Any CPU = Debug|Any CPU
		Release|Any CPU = Release|Any CPU
	EndGlobalSection
	GlobalSection(ProjectConfigurationPlatforms) = postSolution
		{2F0A20E8-719A-42CB-9EA8-3C05458D7ABF}.Debug|Any CPU.ActiveCfg = Debug|Any CPU
		{2F0A20E8-719A-42CB-9EA8-3C05458D7ABF}.Debug|Any CPU.Build.0 = Debug|Any CPU
		{2F0A20E8-719A-42CB-9EA8-3C05458D7ABF}.Release|Any CPU.ActiveCfg = Release|Any CPU
		{2F0A20E8-719A-42CB-9EA8-3C05458D7ABF}.Release|Any CPU.Build.0 = Release|Any CPU
	EndGlobalSection
	GlobalSection(SolutionProperties) = preSolution
		HideSolutionNode = FALSE
	EndGlobalSection
	GlobalSection(ExtensibilityGlobals) = postSolution
		SolutionGuid = {AE70A9B8-0A31-421F-B54A-D0D70C3422B6}
	EndGlobalSection
EndGlobal
